// !$*UTF8*$!
{
	archiveVersion = 1;
	classes = {
	};
	objectVersion = 50;
	objects = {

/* Begin PBXBuildFile section */
		04A197E22723C5790019B827 /* AppDelegate.swift in Sources */ = {isa = PBXBuildFile; fileRef = 04A197E12723C5790019B827 /* AppDelegate.swift */; };
		04A197E62723C5790019B827 /* ViewController.swift in Sources */ = {isa = PBXBuildFile; fileRef = 04A197E52723C5790019B827 /* ViewController.swift */; };
		04A197E92723C5790019B827 /* Main.storyboard in Resources */ = {isa = PBXBuildFile; fileRef = 04A197E72723C5790019B827 /* Main.storyboard */; };
		04A197EB2723C57E0019B827 /* Assets.xcassets in Resources */ = {isa = PBXBuildFile; fileRef = 04A197EA2723C57E0019B827 /* Assets.xcassets */; };
		04A197EE2723C57E0019B827 /* LaunchScreen.storyboard in Resources */ = {isa = PBXBuildFile; fileRef = 04A197EC2723C57E0019B827 /* LaunchScreen.storyboard */; };
		04A197F62723C7320019B827 /* DetailVC.swift in Sources */ = {isa = PBXBuildFile; fileRef = 04A197F52723C7320019B827 /* DetailVC.swift */; };
		04A197F82723C73E0019B827 /* PlayerVC.swift in Sources */ = {isa = PBXBuildFile; fileRef = 04A197F72723C73E0019B827 /* PlayerVC.swift */; };
		04A197FB2723C90F0019B827 /* Helper.swift in Sources */ = {isa = PBXBuildFile; fileRef = 04A197FA2723C90F0019B827 /* Helper.swift */; };
/* End PBXBuildFile section */

/* Begin PBXFileReference section */
		04A197DE2723C5790019B827 /* RelayPatternsDemo.app */ = {isa = PBXFileReference; explicitFileType = wrapper.application; includeInIndex = 0; path = RelayPatternsDemo.app; sourceTree = BUILT_PRODUCTS_DIR; };
		04A197E12723C5790019B827 /* AppDelegate.swift */ = {isa = PBXFileReference; lastKnownFileType = sourcecode.swift; path = AppDelegate.swift; sourceTree = "<group>"; };
		04A197E52723C5790019B827 /* ViewController.swift */ = {isa = PBXFileReference; lastKnownFileType = sourcecode.swift; path = ViewController.swift; sourceTree = "<group>"; };
		04A197E82723C5790019B827 /* Base */ = {isa = PBXFileReference; lastKnownFileType = file.storyboard; name = Base; path = Base.lproj/Main.storyboard; sourceTree = "<group>"; };
		04A197EA2723C57E0019B827 /* Assets.xcassets */ = {isa = PBXFileReference; lastKnownFileType = folder.assetcatalog; path = Assets.xcassets; sourceTree = "<group>"; };
		04A197ED2723C57E0019B827 /* Base */ = {isa = PBXFileReference; lastKnownFileType = file.storyboard; name = Base; path = Base.lproj/LaunchScreen.storyboard; sourceTree = "<group>"; };
		04A197EF2723C57E0019B827 /* Info.plist */ = {isa = PBXFileReference; lastKnownFileType = text.plist.xml; path = Info.plist; sourceTree = "<group>"; };
		04A197F52723C7320019B827 /* DetailVC.swift */ = {isa = PBXFileReference; lastKnownFileType = sourcecode.swift; path = DetailVC.swift; sourceTree = "<group>"; };
		04A197F72723C73E0019B827 /* PlayerVC.swift */ = {isa = PBXFileReference; lastKnownFileType = sourcecode.swift; path = PlayerVC.swift; sourceTree = "<group>"; };
		04A197FA2723C90F0019B827 /* Helper.swift */ = {isa = PBXFileReference; lastKnownFileType = sourcecode.swift; path = Helper.swift; sourceTree = "<group>"; };
/* End PBXFileReference section */

/* Begin PBXFrameworksBuildPhase section */
		04A197DB2723C5790019B827 /* Frameworks */ = {
			isa = PBXFrameworksBuildPhase;
			buildActionMask = 2147483647;
			files = (
			);
			runOnlyForDeploymentPostprocessing = 0;
		};
/* End PBXFrameworksBuildPhase section */

/* Begin PBXGroup section */
		04A197D52723C5790019B827 = {
			isa = PBXGroup;
			children = (
				04A197E02723C5790019B827 /* RelayPatternsDemo */,
				04A197DF2723C5790019B827 /* Products */,
			);
			sourceTree = "<group>";
		};
		04A197DF2723C5790019B827 /* Products */ = {
			isa = PBXGroup;
			children = (
				04A197DE2723C5790019B827 /* RelayPatternsDemo.app */,
			);
			name = Products;
			sourceTree = "<group>";
		};
		04A197E02723C5790019B827 /* RelayPatternsDemo */ = {
			isa = PBXGroup;
			children = (
				04A197E12723C5790019B827 /* AppDelegate.swift */,
				04A197E52723C5790019B827 /* ViewController.swift */,
				04A197F52723C7320019B827 /* DetailVC.swift */,
				04A197F72723C73E0019B827 /* PlayerVC.swift */,
				04A197E72723C5790019B827 /* Main.storyboard */,
				04A197EA2723C57E0019B827 /* Assets.xcassets */,
				04A197EC2723C57E0019B827 /* LaunchScreen.storyboard */,
				04A197EF2723C57E0019B827 /* Info.plist */,
				04A197F92723C8F40019B827 /* Supporting Files */,
			);
			path = RelayPatternsDemo;
			sourceTree = "<group>";
		};
		04A197F92723C8F40019B827 /* Supporting Files */ = {
			isa = PBXGroup;
			children = (
				04A197FA2723C90F0019B827 /* Helper.swift */,
			);
			path = "Supporting Files";
			sourceTree = "<group>";
		};
/* End PBXGroup section */

/* Begin PBXNativeTarget section */
		04A197DD2723C5790019B827 /* RelayPatternsDemo */ = {
			isa = PBXNativeTarget;
			buildConfigurationList = 04A197F22723C57E0019B827 /* Build configuration list for PBXNativeTarget "RelayPatternsDemo" */;
			buildPhases = (
				04A197DA2723C5790019B827 /* Sources */,
				04A197DB2723C5790019B827 /* Frameworks */,
				04A197DC2723C5790019B827 /* Resources */,
			);
			buildRules = (
			);
			dependencies = (
			);
			name = RelayPatternsDemo;
			productName = RelayPatternsDemo;
			productReference = 04A197DE2723C5790019B827 /* RelayPatternsDemo.app */;
			productType = "com.apple.product-type.application";
		};
/* End PBXNativeTarget section */

/* Begin PBXProject section */
		04A197D62723C5790019B827 /* Project object */ = {
			isa = PBXProject;
			attributes = {
				LastSwiftUpdateCheck = 1250;
				LastUpgradeCheck = 1250;
				TargetAttributes = {
					04A197DD2723C5790019B827 = {
						CreatedOnToolsVersion = 12.5;
					};
				};
			};
			buildConfigurationList = 04A197D92723C5790019B827 /* Build configuration list for PBXProject "RelayPatternsDemo" */;
			compatibilityVersion = "Xcode 9.3";
			developmentRegion = en;
			hasScannedForEncodings = 0;
			knownRegions = (
				en,
				Base,
			);
			mainGroup = 04A197D52723C5790019B827;
			productRefGroup = 04A197DF2723C5790019B827 /* Products */;
			projectDirPath = "";
			projectRoot = "";
			targets = (
				04A197DD2723C5790019B827 /* RelayPatternsDemo */,
			);
		};
/* End PBXProject section */

/* Begin PBXResourcesBuildPhase section */
		04A197DC2723C5790019B827 /* Resources */ = {
			isa = PBXResourcesBuildPhase;
			buildActionMask = 2147483647;
			files = (
				04A197EE2723C57E0019B827 /* LaunchScreen.storyboard in Resources */,
				04A197EB2723C57E0019B827 /* Assets.xcassets in Resources */,
				04A197E92723C5790019B827 /* Main.storyboard in Resources */,
			);
			runOnlyForDeploymentPostprocessing = 0;
		};
/* End PBXResourcesBuildPhase section */

/* Begin PBXSourcesBuildPhase section */
		04A197DA2723C5790019B827 /* Sources */ = {
			isa = PBXSourcesBuildPhase;
			buildActionMask = 2147483647;
			files = (
				04A197E62723C5790019B827 /* ViewController.swift in Sources */,
				04A197E22723C5790019B827 /* AppDelegate.swift in Sources */,
				04A197FB2723C90F0019B827 /* Helper.swift in Sources */,
				04A197F62723C7320019B827 /* DetailVC.swift in Sources */,
				04A197F82723C73E0019B827 /* PlayerVC.swift in Sources */,
			);
			runOnlyForDeploymentPostprocessing = 0;
		};
/* End PBXSourcesBuildPhase section */

/* Begin PBXVariantGroup section */
		04A197E72723C5790019B827 /* Main.storyboard */ = {
			isa = PBXVariantGroup;
			children = (
				04A197E82723C5790019B827 /* Base */,
			);
			name = Main.storyboard;
			sourceTree = "<group>";
		};
		04A197EC2723C57E0019B827 /* LaunchScreen.storyboard */ = {
			isa = PBXVariantGroup;
			children = (
				04A197ED2723C57E0019B827 /* Base */,
			);
			name = LaunchScreen.storyboard;
			sourceTree = "<group>";
		};
/* End PBXVariantGroup section */

/* Begin XCBuildConfiguration section */
		04A197F02723C57E0019B827 /* Debug */ = {
			isa = XCBuildConfiguration;
			buildSettings = {
				ALWAYS_SEARCH_USER_PATHS = NO;
				CLANG_ANALYZER_NONNULL = YES;
				CLANG_ANALYZER_NUMBER_OBJECT_CONVERSION = YES_AGGRESSIVE;
				CLANG_CXX_LANGUAGE_STANDARD = "gnu++14";
				CLANG_CXX_LIBRARY = "libc++";
				CLANG_ENABLE_MODULES = YES;
				CLANG_ENABLE_OBJC_ARC = YES;
				CLANG_ENABLE_OBJC_WEAK = YES;
				CLANG_WARN_BLOCK_CAPTURE_AUTORELEASING = YES;
				CLANG_WARN_BOOL_CONVERSION = YES;
				CLANG_WARN_COMMA = YES;
				CLANG_WARN_CONSTANT_CONVERSION = YES;
				CLANG_WARN_DEPRECATED_OBJC_IMPLEMENTATIONS = YES;
				CLANG_WARN_DIRECT_OBJC_ISA_USAGE = YES_ERROR;
				CLANG_WARN_DOCUMENTATION_COMMENTS = YES;
				CLANG_WARN_EMPTY_BODY = YES;
				CLANG_WARN_ENUM_CONVERSION = YES;
				CLANG_WARN_INFINITE_RECURSION = YES;
				CLANG_WARN_INT_CONVERSION = YES;
				CLANG_WARN_NON_LITERAL_NULL_CONVERSION = YES;
				CLANG_WARN_OBJC_IMPLICIT_RETAIN_SELF = YES;
				CLANG_WARN_OBJC_LITERAL_CONVERSION = YES;
				CLANG_WARN_OBJC_ROOT_CLASS = YES_ERROR;
				CLANG_WARN_QUOTED_INCLUDE_IN_FRAMEWORK_HEADER = YES;
				CLANG_WARN_RANGE_LOOP_ANALYSIS = YES;
				CLANG_WARN_STRICT_PROTOTYPES = YES;
				CLANG_WARN_SUSPICIOUS_MOVE = YES;
				CLANG_WARN_UNGUARDED_AVAILABILITY = YES_AGGRESSIVE;
				CLANG_WARN_UNREACHABLE_CODE = YES;
				CLANG_WARN__DUPLICATE_METHOD_MATCH = YES;
				COPY_PHASE_STRIP = NO;
				DEBUG_INFORMATION_FORMAT = dwarf;
				ENABLE_STRICT_OBJC_MSGSEND = YES;
				ENABLE_TESTABILITY = YES;
				GCC_C_LANGUAGE_STANDARD = gnu11;
				GCC_DYNAMIC_NO_PIC = NO;
				GCC_NO_COMMON_BLOCKS = YES;
				GCC_OPTIMIZATION_LEVEL = 0;
				GCC_PREPROCESSOR_DEFINITIONS = (
					"DEBUG=1",
					"$(inherited)",
				);
				GCC_WARN_64_TO_32_BIT_CONVERSION = YES;
				GCC_WARN_ABOUT_RETURN_TYPE = YES_ERROR;
				GCC_WARN_UNDECLARED_SELECTOR = YES;
				GCC_WARN_UNINITIALIZED_AUTOS = YES_AGGRESSIVE;
				GCC_WARN_UNUSED_FUNCTION = YES;
				GCC_WARN_UNUSED_VARIABLE = YES;
				IPHONEOS_DEPLOYMENT_TARGET = 14.5;
				MTL_ENABLE_DEBUG_INFO = INCLUDE_SOURCE;
				MTL_FAST_MATH = YES;
				ONLY_ACTIVE_ARCH = YES;
				SDKROOT = iphoneos;
				SWIFT_ACTIVE_COMPILATION_CONDITIONS = DEBUG;
				SWIFT_OPTIMIZATION_LEVEL = "-Onone";
			};
			name = Debug;
		};
		04A197F12723C57E0019B827 /* Release */ = {
			isa = XCBuildConfiguration;
			buildSettings = {
				ALWAYS_SEARCH_USER_PATHS = NO;
				CLANG_ANALYZER_NONNULL = YES;
				CLANG_ANALYZER_NUMBER_OBJECT_CONVERSION = YES_AGGRESSIVE;
				CLANG_CXX_LANGUAGE_STANDARD = "gnu++14";
				CLANG_CXX_LIBRARY = "libc++";
				CLANG_ENABLE_MODULES = YES;
				CLANG_ENABLE_OBJC_ARC = YES;
				CLANG_ENABLE_OBJC_WEAK = YES;
				CLANG_WARN_BLOCK_CAPTURE_AUTORELEASING = YES;
				CLANG_WARN_BOOL_CONVERSION = YES;
				CLANG_WARN_COMMA = YES;
				CLANG_WARN_CONSTANT_CONVERSION = YES;
				CLANG_WARN_DEPRECATED_OBJC_IMPLEMENTATIONS = YES;
				CLANG_WARN_DIRECT_OBJC_ISA_USAGE = YES_ERROR;
				CLANG_WARN_DOCUMENTATION_COMMENTS = YES;
				CLANG_WARN_EMPTY_BODY = YES;
				CLANG_WARN_ENUM_CONVERSION = YES;
				CLANG_WARN_INFINITE_RECURSION = YES;
				CLANG_WARN_INT_CONVERSION = YES;
				CLANG_WARN_NON_LITERAL_NULL_CONVERSION = YES;
				CLANG_WARN_OBJC_IMPLICIT_RETAIN_SELF = YES;
				CLANG_WARN_OBJC_LITERAL_CONVERSION = YES;
				CLANG_WARN_OBJC_ROOT_CLASS = YES_ERROR;
				CLANG_WARN_QUOTED_INCLUDE_IN_FRAMEWORK_HEADER = YES;
				CLANG_WARN_RANGE_LOOP_ANALYSIS = YES;
				CLANG_WARN_STRICT_PROTOTYPES = YES;
				CLANG_WARN_SUSPICIOUS_MOVE = YES;
				CLANG_WARN_UNGUARDED_AVAILABILITY = YES_AGGRESSIVE;
				CLANG_WARN_UNREACHABLE_CODE = YES;
				CLANG_WARN__DUPLICATE_METHOD_MATCH = YES;
				COPY_PHASE_STRIP = NO;
				DEBUG_INFORMATION_FORMAT = "dwarf-with-dsym";
				ENABLE_NS_ASSERTIONS = NO;
				ENABLE_STRICT_OBJC_MSGSEND = YES;
				GCC_C_LANGUAGE_STANDARD = gnu11;
				GCC_NO_COMMON_BLOCKS = YES;
				GCC_WARN_64_TO_32_BIT_CONVERSION = YES;
				GCC_WARN_ABOUT_RETURN_TYPE = YES_ERROR;
				GCC_WARN_UNDECLARED_SELECTOR = YES;
				GCC_WARN_UNINITIALIZED_AUTOS = YES_AGGRESSIVE;
				GCC_WARN_UNUSED_FUNCTION = YES;
				GCC_WARN_UNUSED_VARIABLE = YES;
				IPHONEOS_DEPLOYMENT_TARGET = 14.5;
				MTL_ENABLE_DEBUG_INFO = NO;
				MTL_FAST_MATH = YES;
				SDKROOT = iphoneos;
				SWIFT_COMPILATION_MODE = wholemodule;
				SWIFT_OPTIMIZATION_LEVEL = "-O";
				VALIDATE_PRODUCT = YES;
			};
			name = Release;
		};
		04A197F32723C57E0019B827 /* Debug */ = {
			isa = XCBuildConfiguration;
			buildSettings = {
				ASSETCATALOG_COMPILER_APPICON_NAME = AppIcon;
				ASSETCATALOG_COMPILER_GLOBAL_ACCENT_COLOR_NAME = AccentColor;
				CODE_SIGN_STYLE = Automatic;
				DEVELOPMENT_TEAM = 873FNWTK3G;
				INFOPLIST_FILE = RelayPatternsDemo/Info.plist;
				LD_RUNPATH_SEARCH_PATHS = (
					"$(inherited)",
					"@executable_path/Frameworks",
				);
				PRODUCT_BUNDLE_IDENTIFIER = com.bluemangoglobal.RelayPatternsDemo;
				PRODUCT_NAME = "$(TARGET_NAME)";
				SWIFT_VERSION = 5.0;
				TARGETED_DEVICE_FAMILY = "1,2";
			};
			name = Debug;
		};
		04A197F42723C57E0019B827 /* Release */ = {
			isa = XCBuildConfiguration;
			buildSettings = {
				ASSETCATALOG_COMPILER_APPICON_NAME = AppIcon;
				ASSETCATALOG_COMPILER_GLOBAL_ACCENT_COLOR_NAME = AccentColor;
				CODE_SIGN_STYLE = Automatic;
				DEVELOPMENT_TEAM = 873FNWTK3G;
				INFOPLIST_FILE = RelayPatternsDemo/Info.plist;
				LD_RUNPATH_SEARCH_PATHS = (
					"$(inherited)",
					"@executable_path/Frameworks",
				);
				PRODUCT_BUNDLE_IDENTIFIER = com.bluemangoglobal.RelayPatternsDemo;
				PRODUCT_NAME = "$(TARGET_NAME)";
				SWIFT_VERSION = 5.0;
				TARGETED_DEVICE_FAMILY = "1,2";
			};
			name = Release;
		};
/* End XCBuildConfiguration section */

/* Begin XCConfigurationList section */
		04A197D92723C5790019B827 /* Build configuration list for PBXProject "RelayPatternsDemo" */ = {
			isa = XCConfigurationList;
			buildConfigurations = (
				04A197F02723C57E0019B827 /* Debug */,
				04A197F12723C57E0019B827 /* Release */,
			);
			defaultConfigurationIsVisible = 0;
			defaultConfigurationName = Release;
		};
		04A197F22723C57E0019B827 /* Build configuration list for PBXNativeTarget "RelayPatternsDemo" */ = {
			isa = XCConfigurationList;
			buildConfigurations = (
				04A197F32723C57E0019B827 /* Debug */,
				04A197F42723C57E0019B827 /* Release */,
			);
			defaultConfigurationIsVisible = 0;
			defaultConfigurationName = Release;
		};
/* End XCConfigurationList section */
	};
	rootObject = 04A197D62723C5790019B827 /* Project object */;
}
